
Microsoft Visual Studio Solution File, Format Version 10.00
# Visual Studio 2008
Project("{FAE04EC0-301F-11D3-BF4B-00C04F79EFBC}") = "MPlayer_ExtPlayer", "MPlayer_ExtPlayer\MPlayer_ExtPlayer.csproj", "{77254E2B-4032-495A-AF2D-1804AB2127EF}"
EndProject
Project("{FAE04EC0-301F-11D3-BF4B-00C04F79EFBC}") = "MPlayer_GUIPlugin", "MPlayer_GUIPlugin\MPlayer_GUIPlugin.csproj", "{53898324-E882-4D37-86C1-E4696B248A13}"
EndProject
Project("{FAE04EC0-301F-11D3-BF4B-00C04F79EFBC}") = "ExternalOSDLibrary", "ExternalOSDLibrary\ExternalOSDLibrary.csproj", "{CA1C8C7D-4AB2-4D8D-87E9-AB9FC970A8C7}"
EndProject
Global
	GlobalSection(SolutionConfigurationPlatforms) = preSolution
		Debug|x86 = Debug|x86
		Release|x86 = Release|x86
	EndGlobalSection
	GlobalSection(ProjectConfigurationPlatforms) = postSolution
		{77254E2B-4032-495A-AF2D-1804AB2127EF}.Debug|x86.ActiveCfg = Debug|x86
		{77254E2B-4032-495A-AF2D-1804AB2127EF}.Debug|x86.Build.0 = Debug|x86
		{77254E2B-4032-495A-AF2D-1804AB2127EF}.Release|x86.ActiveCfg = Release|x86
		{77254E2B-4032-495A-AF2D-1804AB2127EF}.Release|x86.Build.0 = Release|x86
		{53898324-E882-4D37-86C1-E4696B248A13}.Debug|x86.ActiveCfg = Debug|x86
		{53898324-E882-4D37-86C1-E4696B248A13}.Debug|x86.Build.0 = Debug|x86
		{53898324-E882-4D37-86C1-E4696B248A13}.Release|x86.ActiveCfg = Release|x86
		{53898324-E882-4D37-86C1-E4696B248A13}.Release|x86.Build.0 = Release|x86
		{CA1C8C7D-4AB2-4D8D-87E9-AB9FC970A8C7}.Debug|x86.ActiveCfg = Debug|x86
		{CA1C8C7D-4AB2-4D8D-87E9-AB9FC970A8C7}.Debug|x86.Build.0 = Debug|x86
		{CA1C8C7D-4AB2-4D8D-87E9-AB9FC970A8C7}.Release|x86.ActiveCfg = Release|x86
		{CA1C8C7D-4AB2-4D8D-87E9-AB9FC970A8C7}.Release|x86.Build.0 = Release|x86
	EndGlobalSection
	GlobalSection(SolutionProperties) = preSolution
		HideSolutionNode = FALSE
	EndGlobalSection
EndGlobal
